
Microsoft Visual Studio Solution File, Format Version 12.00
# Visual Studio 15
VisualStudioVersion = 15.0.26124.0
MinimumVisualStudioVersion = 15.0.26124.0
Project("{2150E333-8FDC-42A3-9474-1A3956D46DE8}") = "api", "api", "{81BCAF75-9B75-420F-95C2-2F556E35412D}"
EndProject
Project("{2150E333-8FDC-42A3-9474-1A3956D46DE8}") = "test", "test", "{69C97C9B-E4AB-4763-957E-A712CD7748B4}"
EndProject
Project("{9A19103F-16F7-4668-BE54-9A1E7A4F7556}") = "ONS.AuthProvider.Test.Unit", "test\unit\ONS.AuthProvider.Test.Unit.csproj", "{31F1681A-A451-4DEB-800C-3FE5A544D21A}"
EndProject
Project("{9A19103F-16F7-4668-BE54-9A1E7A4F7556}") = "ONS.AuthProvider.Test.Web", "test\web\ONS.AuthProvider.Test.Web.csproj", "{34A18F41-B60D-46A7-8971-9A976782640F}"
EndProject
Project("{2150E333-8FDC-42A3-9474-1A3956D46DE8}") = "oauth", "oauth", "{92CFBD9B-2894-4284-8F3A-3A93CB32CD4D}"
EndProject
Project("{2150E333-8FDC-42A3-9474-1A3956D46DE8}") = "providers", "providers", "{35539BE7-432C-4511-9E50-D24B8D92BAAE}"
EndProject
Project("{2150E333-8FDC-42A3-9474-1A3956D46DE8}") = "lib", "lib", "{70A6B513-8F60-4744-85B4-76EC421B1511}"
EndProject
Project("{9A19103F-16F7-4668-BE54-9A1E7A4F7556}") = "ONS.AuthProvider.Validator", "api\lib\ONS.AuthProvider.Validator.csproj", "{63868585-8391-4A50-A9A8-1963483DDB6B}"
EndProject
Project("{9A19103F-16F7-4668-BE54-9A1E7A4F7556}") = "ONS.AuthProvider.OAuth", "api\oauth\ONS.AuthProvider.OAuth.csproj", "{E7958342-0589-4BDF-A371-F51D9655C007}"
EndProject
Project("{9A19103F-16F7-4668-BE54-9A1E7A4F7556}") = "ONS.AuthProvider.Adapter.Fake", "api\providers\ONS.AuthProvider.Adapter.Fake\ONS.AuthProvider.Adapter.Fake.csproj", "{FB64CE27-0D84-4DB3-B89D-9D84DB15B3E6}"
EndProject
Project("{9A19103F-16F7-4668-BE54-9A1E7A4F7556}") = "ONS.AuthProvider.Adapter.Pop", "api\providers\ONS.AuthProvider.Adapter.Pop\ONS.AuthProvider.Adapter.Pop.csproj", "{3ED7F80E-78BC-4C16-8657-862FD4089EBC}"
EndProject
Project("{2150E333-8FDC-42A3-9474-1A3956D46DE8}") = "common", "common", "{E86F808B-3EE1-495D-A3DC-02C7C3724146}"
EndProject
Project("{9A19103F-16F7-4668-BE54-9A1E7A4F7556}") = "ONS.AuthProvider.Common", "api\common\ONS.AuthProvider.Common.csproj", "{242CC246-5256-4A50-8B0E-E3D2019584E2}"
EndProject
Global
	GlobalSection(SolutionConfigurationPlatforms) = preSolution
		Debug|Any CPU = Debug|Any CPU
		Debug|x64 = Debug|x64
		Debug|x86 = Debug|x86
		Release|Any CPU = Release|Any CPU
		Release|x64 = Release|x64
		Release|x86 = Release|x86
	EndGlobalSection
	GlobalSection(ProjectConfigurationPlatforms) = postSolution
		{31F1681A-A451-4DEB-800C-3FE5A544D21A}.Debug|Any CPU.ActiveCfg = Debug|Any CPU
		{31F1681A-A451-4DEB-800C-3FE5A544D21A}.Debug|Any CPU.Build.0 = Debug|Any CPU
		{31F1681A-A451-4DEB-800C-3FE5A544D21A}.Debug|x64.ActiveCfg = Debug|Any CPU
		{31F1681A-A451-4DEB-800C-3FE5A544D21A}.Debug|x64.Build.0 = Debug|Any CPU
		{31F1681A-A451-4DEB-800C-3FE5A544D21A}.Debug|x86.ActiveCfg = Debug|Any CPU
		{31F1681A-A451-4DEB-800C-3FE5A544D21A}.Debug|x86.Build.0 = Debug|Any CPU
		{31F1681A-A451-4DEB-800C-3FE5A544D21A}.Release|Any CPU.ActiveCfg = Release|Any CPU
		{31F1681A-A451-4DEB-800C-3FE5A544D21A}.Release|Any CPU.Build.0 = Release|Any CPU
		{31F1681A-A451-4DEB-800C-3FE5A544D21A}.Release|x64.ActiveCfg = Release|Any CPU
		{31F1681A-A451-4DEB-800C-3FE5A544D21A}.Release|x64.Build.0 = Release|Any CPU
		{31F1681A-A451-4DEB-800C-3FE5A544D21A}.Release|x86.ActiveCfg = Release|Any CPU
		{31F1681A-A451-4DEB-800C-3FE5A544D21A}.Release|x86.Build.0 = Release|Any CPU
		{34A18F41-B60D-46A7-8971-9A976782640F}.Debug|Any CPU.ActiveCfg = Debug|Any CPU
		{34A18F41-B60D-46A7-8971-9A976782640F}.Debug|Any CPU.Build.0 = Debug|Any CPU
		{34A18F41-B60D-46A7-8971-9A976782640F}.Debug|x64.ActiveCfg = Debug|Any CPU
		{34A18F41-B60D-46A7-8971-9A976782640F}.Debug|x64.Build.0 = Debug|Any CPU
		{34A18F41-B60D-46A7-8971-9A976782640F}.Debug|x86.ActiveCfg = Debug|Any CPU
		{34A18F41-B60D-46A7-8971-9A976782640F}.Debug|x86.Build.0 = Debug|Any CPU
		{34A18F41-B60D-46A7-8971-9A976782640F}.Release|Any CPU.ActiveCfg = Release|Any CPU
		{34A18F41-B60D-46A7-8971-9A976782640F}.Release|Any CPU.Build.0 = Release|Any CPU
		{34A18F41-B60D-46A7-8971-9A976782640F}.Release|x64.ActiveCfg = Release|Any CPU
		{34A18F41-B60D-46A7-8971-9A976782640F}.Release|x64.Build.0 = Release|Any CPU
		{34A18F41-B60D-46A7-8971-9A976782640F}.Release|x86.ActiveCfg = Release|Any CPU
		{34A18F41-B60D-46A7-8971-9A976782640F}.Release|x86.Build.0 = Release|Any CPU
		{63868585-8391-4A50-A9A8-1963483DDB6B}.Debug|Any CPU.ActiveCfg = Debug|Any CPU
		{63868585-8391-4A50-A9A8-1963483DDB6B}.Debug|Any CPU.Build.0 = Debug|Any CPU
		{63868585-8391-4A50-A9A8-1963483DDB6B}.Debug|x64.ActiveCfg = Debug|Any CPU
		{63868585-8391-4A50-A9A8-1963483DDB6B}.Debug|x64.Build.0 = Debug|Any CPU
		{63868585-8391-4A50-A9A8-1963483DDB6B}.Debug|x86.ActiveCfg = Debug|Any CPU
		{63868585-8391-4A50-A9A8-1963483DDB6B}.Debug|x86.Build.0 = Debug|Any CPU
		{63868585-8391-4A50-A9A8-1963483DDB6B}.Release|Any CPU.ActiveCfg = Release|Any CPU
		{63868585-8391-4A50-A9A8-1963483DDB6B}.Release|Any CPU.Build.0 = Release|Any CPU
		{63868585-8391-4A50-A9A8-1963483DDB6B}.Release|x64.ActiveCfg = Release|Any CPU
		{63868585-8391-4A50-A9A8-1963483DDB6B}.Release|x64.Build.0 = Release|Any CPU
		{63868585-8391-4A50-A9A8-1963483DDB6B}.Release|x86.ActiveCfg = Release|Any CPU
		{63868585-8391-4A50-A9A8-1963483DDB6B}.Release|x86.Build.0 = Release|Any CPU
		{E7958342-0589-4BDF-A371-F51D9655C007}.Debug|Any CPU.ActiveCfg = Debug|Any CPU
		{E7958342-0589-4BDF-A371-F51D9655C007}.Debug|Any CPU.Build.0 = Debug|Any CPU
		{E7958342-0589-4BDF-A371-F51D9655C007}.Debug|x64.ActiveCfg = Debug|Any CPU
		{E7958342-0589-4BDF-A371-F51D9655C007}.Debug|x64.Build.0 = Debug|Any CPU
		{E7958342-0589-4BDF-A371-F51D9655C007}.Debug|x86.ActiveCfg = Debug|Any CPU
		{E7958342-0589-4BDF-A371-F51D9655C007}.Debug|x86.Build.0 = Debug|Any CPU
		{E7958342-0589-4BDF-A371-F51D9655C007}.Release|Any CPU.ActiveCfg = Release|Any CPU
		{E7958342-0589-4BDF-A371-F51D9655C007}.Release|Any CPU.Build.0 = Release|Any CPU
		{E7958342-0589-4BDF-A371-F51D9655C007}.Release|x64.ActiveCfg = Release|Any CPU
		{E7958342-0589-4BDF-A371-F51D9655C007}.Release|x64.Build.0 = Release|Any CPU
		{E7958342-0589-4BDF-A371-F51D9655C007}.Release|x86.ActiveCfg = Release|Any CPU
		{E7958342-0589-4BDF-A371-F51D9655C007}.Release|x86.Build.0 = Release|Any CPU
		{FB64CE27-0D84-4DB3-B89D-9D84DB15B3E6}.Debug|Any CPU.ActiveCfg = Debug|Any CPU
		{FB64CE27-0D84-4DB3-B89D-9D84DB15B3E6}.Debug|Any CPU.Build.0 = Debug|Any CPU
		{FB64CE27-0D84-4DB3-B89D-9D84DB15B3E6}.Debug|x64.ActiveCfg = Debug|Any CPU
		{FB64CE27-0D84-4DB3-B89D-9D84DB15B3E6}.Debug|x64.Build.0 = Debug|Any CPU
		{FB64CE27-0D84-4DB3-B89D-9D84DB15B3E6}.Debug|x86.ActiveCfg = Debug|Any CPU
		{FB64CE27-0D84-4DB3-B89D-9D84DB15B3E6}.Debug|x86.Build.0 = Debug|Any CPU
		{FB64CE27-0D84-4DB3-B89D-9D84DB15B3E6}.Release|Any CPU.ActiveCfg = Release|Any CPU
		{FB64CE27-0D84-4DB3-B89D-9D84DB15B3E6}.Release|Any CPU.Build.0 = Release|Any CPU
		{FB64CE27-0D84-4DB3-B89D-9D84DB15B3E6}.Release|x64.ActiveCfg = Release|Any CPU
		{FB64CE27-0D84-4DB3-B89D-9D84DB15B3E6}.Release|x64.Build.0 = Release|Any CPU
		{FB64CE27-0D84-4DB3-B89D-9D84DB15B3E6}.Release|x86.ActiveCfg = Release|Any CPU
		{FB64CE27-0D84-4DB3-B89D-9D84DB15B3E6}.Release|x86.Build.0 = Release|Any CPU
		{3ED7F80E-78BC-4C16-8657-862FD4089EBC}.Debug|Any CPU.ActiveCfg = Debug|Any CPU
		{3ED7F80E-78BC-4C16-8657-862FD4089EBC}.Debug|Any CPU.Build.0 = Debug|Any CPU
		{3ED7F80E-78BC-4C16-8657-862FD4089EBC}.Debug|x64.ActiveCfg = Debug|Any CPU
		{3ED7F80E-78BC-4C16-8657-862FD4089EBC}.Debug|x64.Build.0 = Debug|Any CPU
		{3ED7F80E-78BC-4C16-8657-862FD4089EBC}.Debug|x86.ActiveCfg = Debug|Any CPU
		{3ED7F80E-78BC-4C16-8657-862FD4089EBC}.Debug|x86.Build.0 = Debug|Any CPU
		{3ED7F80E-78BC-4C16-8657-862FD4089EBC}.Release|Any CPU.ActiveCfg = Release|Any CPU
		{3ED7F80E-78BC-4C16-8657-862FD4089EBC}.Release|Any CPU.Build.0 = Release|Any CPU
		{3ED7F80E-78BC-4C16-8657-862FD4089EBC}.Release|x64.ActiveCfg = Release|Any CPU
		{3ED7F80E-78BC-4C16-8657-862FD4089EBC}.Release|x64.Build.0 = Release|Any CPU
		{3ED7F80E-78BC-4C16-8657-862FD4089EBC}.Release|x86.ActiveCfg = Release|Any CPU
		{3ED7F80E-78BC-4C16-8657-862FD4089EBC}.Release|x86.Build.0 = Release|Any CPU
		{242CC246-5256-4A50-8B0E-E3D2019584E2}.Debug|Any CPU.ActiveCfg = Debug|Any CPU
		{242CC246-5256-4A50-8B0E-E3D2019584E2}.Debug|Any CPU.Build.0 = Debug|Any CPU
		{242CC246-5256-4A50-8B0E-E3D2019584E2}.Debug|x64.ActiveCfg = Debug|Any CPU
		{242CC246-5256-4A50-8B0E-E3D2019584E2}.Debug|x64.Build.0 = Debug|Any CPU
		{242CC246-5256-4A50-8B0E-E3D2019584E2}.Debug|x86.ActiveCfg = Debug|Any CPU
		{242CC246-5256-4A50-8B0E-E3D2019584E2}.Debug|x86.Build.0 = Debug|Any CPU
		{242CC246-5256-4A50-8B0E-E3D2019584E2}.Release|Any CPU.ActiveCfg = Release|Any CPU
		{242CC246-5256-4A50-8B0E-E3D2019584E2}.Release|Any CPU.Build.0 = Release|Any CPU
		{242CC246-5256-4A50-8B0E-E3D2019584E2}.Release|x64.ActiveCfg = Release|Any CPU
		{242CC246-5256-4A50-8B0E-E3D2019584E2}.Release|x64.Build.0 = Release|Any CPU
		{242CC246-5256-4A50-8B0E-E3D2019584E2}.Release|x86.ActiveCfg = Release|Any CPU
		{242CC246-5256-4A50-8B0E-E3D2019584E2}.Release|x86.Build.0 = Release|Any CPU
	EndGlobalSection
	GlobalSection(SolutionProperties) = preSolution
		HideSolutionNode = FALSE
	EndGlobalSection
	GlobalSection(NestedProjects) = preSolution
		{31F1681A-A451-4DEB-800C-3FE5A544D21A} = {69C97C9B-E4AB-4763-957E-A712CD7748B4}
		{34A18F41-B60D-46A7-8971-9A976782640F} = {69C97C9B-E4AB-4763-957E-A712CD7748B4}
		{92CFBD9B-2894-4284-8F3A-3A93CB32CD4D} = {81BCAF75-9B75-420F-95C2-2F556E35412D}
		{35539BE7-432C-4511-9E50-D24B8D92BAAE} = {81BCAF75-9B75-420F-95C2-2F556E35412D}
		{70A6B513-8F60-4744-85B4-76EC421B1511} = {81BCAF75-9B75-420F-95C2-2F556E35412D}
		{63868585-8391-4A50-A9A8-1963483DDB6B} = {70A6B513-8F60-4744-85B4-76EC421B1511}
		{E7958342-0589-4BDF-A371-F51D9655C007} = {92CFBD9B-2894-4284-8F3A-3A93CB32CD4D}
		{FB64CE27-0D84-4DB3-B89D-9D84DB15B3E6} = {35539BE7-432C-4511-9E50-D24B8D92BAAE}
		{3ED7F80E-78BC-4C16-8657-862FD4089EBC} = {35539BE7-432C-4511-9E50-D24B8D92BAAE}
		{E86F808B-3EE1-495D-A3DC-02C7C3724146} = {81BCAF75-9B75-420F-95C2-2F556E35412D}
		{242CC246-5256-4A50-8B0E-E3D2019584E2} = {E86F808B-3EE1-495D-A3DC-02C7C3724146}
	EndGlobalSection
	GlobalSection(ExtensibilityGlobals) = postSolution
		SolutionGuid = {603572FE-AF41-4CDA-964E-53843A8896B6}
	EndGlobalSection
EndGlobal
