
Microsoft Visual Studio Solution File, Format Version 12.00
# Visual Studio 15
VisualStudioVersion = 15.0.26124.0
MinimumVisualStudioVersion = 15.0.26124.0
Project("{2150E333-8FDC-42A3-9474-1A3956D46DE8}") = "api", "api", "{81BCAF75-9B75-420F-95C2-2F556E35412D}"
EndProject
Project("{FAE04EC0-301F-11D3-BF4B-00C04F79EFBC}") = "ONS.AuthProvider.Api", "api\server\ONS.AuthProvider.Api.csproj", "{B2ADB606-3754-45E6-8E21-3F28712816C0}"
EndProject
Project("{2150E333-8FDC-42A3-9474-1A3956D46DE8}") = "test", "test", "{69C97C9B-E4AB-4763-957E-A712CD7748B4}"
EndProject
Project("{FAE04EC0-301F-11D3-BF4B-00C04F79EFBC}") = "ONS.AuthProvider.Test.Unit", "test\unit\ONS.AuthProvider.Test.Unit.csproj", "{31F1681A-A451-4DEB-800C-3FE5A544D21A}"
EndProject
Project("{FAE04EC0-301F-11D3-BF4B-00C04F79EFBC}") = "ONS.AuthProvider.Test.Web", "test\web\ONS.AuthProvider.Test.Web.csproj", "{34A18F41-B60D-46A7-8971-9A976782640F}"
EndProject
Project("{FAE04EC0-301F-11D3-BF4B-00C04F79EFBC}") = "ONS.AuthProvider.AppTest", "test\app\ONS.AuthProvider.AppTest.csproj", "{1B344CE1-617B-47D4-9009-493DA172EEA2}"
EndProject
Project("{FAE04EC0-301F-11D3-BF4B-00C04F79EFBC}") = "ONS.AuthProvider.Validator", "api\lib\ONS.AuthProvider.Validator.csproj", "{8C6EE443-7FF1-40D5-9B88-5F320F1F31C1}"
EndProject
Project("{FAE04EC0-301F-11D3-BF4B-00C04F79EFBC}") = "ONS.AuthProvider.OAuth", "api\oauth\ONS.AuthProvider.OAuth.csproj", "{3B062AFC-24DE-41FA-94BA-DC12A86A70F4}"
EndProject
Global
	GlobalSection(SolutionConfigurationPlatforms) = preSolution
		Debug|Any CPU = Debug|Any CPU
		Debug|x64 = Debug|x64
		Debug|x86 = Debug|x86
		Release|Any CPU = Release|Any CPU
		Release|x64 = Release|x64
		Release|x86 = Release|x86
	EndGlobalSection
	GlobalSection(SolutionProperties) = preSolution
		HideSolutionNode = FALSE
	EndGlobalSection
	GlobalSection(ProjectConfigurationPlatforms) = postSolution
		{B2ADB606-3754-45E6-8E21-3F28712816C0}.Debug|Any CPU.ActiveCfg = Debug|Any CPU
		{B2ADB606-3754-45E6-8E21-3F28712816C0}.Debug|Any CPU.Build.0 = Debug|Any CPU
		{B2ADB606-3754-45E6-8E21-3F28712816C0}.Debug|x64.ActiveCfg = Debug|Any CPU
		{B2ADB606-3754-45E6-8E21-3F28712816C0}.Debug|x64.Build.0 = Debug|Any CPU
		{B2ADB606-3754-45E6-8E21-3F28712816C0}.Debug|x86.ActiveCfg = Debug|Any CPU
		{B2ADB606-3754-45E6-8E21-3F28712816C0}.Debug|x86.Build.0 = Debug|Any CPU
		{B2ADB606-3754-45E6-8E21-3F28712816C0}.Release|Any CPU.ActiveCfg = Release|Any CPU
		{B2ADB606-3754-45E6-8E21-3F28712816C0}.Release|Any CPU.Build.0 = Release|Any CPU
		{B2ADB606-3754-45E6-8E21-3F28712816C0}.Release|x64.ActiveCfg = Release|Any CPU
		{B2ADB606-3754-45E6-8E21-3F28712816C0}.Release|x64.Build.0 = Release|Any CPU
		{B2ADB606-3754-45E6-8E21-3F28712816C0}.Release|x86.ActiveCfg = Release|Any CPU
		{B2ADB606-3754-45E6-8E21-3F28712816C0}.Release|x86.Build.0 = Release|Any CPU
		{31F1681A-A451-4DEB-800C-3FE5A544D21A}.Debug|Any CPU.ActiveCfg = Debug|Any CPU
		{31F1681A-A451-4DEB-800C-3FE5A544D21A}.Debug|Any CPU.Build.0 = Debug|Any CPU
		{31F1681A-A451-4DEB-800C-3FE5A544D21A}.Debug|x64.ActiveCfg = Debug|Any CPU
		{31F1681A-A451-4DEB-800C-3FE5A544D21A}.Debug|x64.Build.0 = Debug|Any CPU
		{31F1681A-A451-4DEB-800C-3FE5A544D21A}.Debug|x86.ActiveCfg = Debug|Any CPU
		{31F1681A-A451-4DEB-800C-3FE5A544D21A}.Debug|x86.Build.0 = Debug|Any CPU
		{31F1681A-A451-4DEB-800C-3FE5A544D21A}.Release|Any CPU.ActiveCfg = Release|Any CPU
		{31F1681A-A451-4DEB-800C-3FE5A544D21A}.Release|Any CPU.Build.0 = Release|Any CPU
		{31F1681A-A451-4DEB-800C-3FE5A544D21A}.Release|x64.ActiveCfg = Release|Any CPU
		{31F1681A-A451-4DEB-800C-3FE5A544D21A}.Release|x64.Build.0 = Release|Any CPU
		{31F1681A-A451-4DEB-800C-3FE5A544D21A}.Release|x86.ActiveCfg = Release|Any CPU
		{31F1681A-A451-4DEB-800C-3FE5A544D21A}.Release|x86.Build.0 = Release|Any CPU
		{34A18F41-B60D-46A7-8971-9A976782640F}.Debug|Any CPU.ActiveCfg = Debug|Any CPU
		{34A18F41-B60D-46A7-8971-9A976782640F}.Debug|Any CPU.Build.0 = Debug|Any CPU
		{34A18F41-B60D-46A7-8971-9A976782640F}.Debug|x64.ActiveCfg = Debug|Any CPU
		{34A18F41-B60D-46A7-8971-9A976782640F}.Debug|x64.Build.0 = Debug|Any CPU
		{34A18F41-B60D-46A7-8971-9A976782640F}.Debug|x86.ActiveCfg = Debug|Any CPU
		{34A18F41-B60D-46A7-8971-9A976782640F}.Debug|x86.Build.0 = Debug|Any CPU
		{34A18F41-B60D-46A7-8971-9A976782640F}.Release|Any CPU.ActiveCfg = Release|Any CPU
		{34A18F41-B60D-46A7-8971-9A976782640F}.Release|Any CPU.Build.0 = Release|Any CPU
		{34A18F41-B60D-46A7-8971-9A976782640F}.Release|x64.ActiveCfg = Release|Any CPU
		{34A18F41-B60D-46A7-8971-9A976782640F}.Release|x64.Build.0 = Release|Any CPU
		{34A18F41-B60D-46A7-8971-9A976782640F}.Release|x86.ActiveCfg = Release|Any CPU
		{34A18F41-B60D-46A7-8971-9A976782640F}.Release|x86.Build.0 = Release|Any CPU
		{1B344CE1-617B-47D4-9009-493DA172EEA2}.Debug|Any CPU.ActiveCfg = Debug|Any CPU
		{1B344CE1-617B-47D4-9009-493DA172EEA2}.Debug|Any CPU.Build.0 = Debug|Any CPU
		{1B344CE1-617B-47D4-9009-493DA172EEA2}.Debug|x64.ActiveCfg = Debug|Any CPU
		{1B344CE1-617B-47D4-9009-493DA172EEA2}.Debug|x64.Build.0 = Debug|Any CPU
		{1B344CE1-617B-47D4-9009-493DA172EEA2}.Debug|x86.ActiveCfg = Debug|Any CPU
		{1B344CE1-617B-47D4-9009-493DA172EEA2}.Debug|x86.Build.0 = Debug|Any CPU
		{1B344CE1-617B-47D4-9009-493DA172EEA2}.Release|Any CPU.ActiveCfg = Release|Any CPU
		{1B344CE1-617B-47D4-9009-493DA172EEA2}.Release|Any CPU.Build.0 = Release|Any CPU
		{1B344CE1-617B-47D4-9009-493DA172EEA2}.Release|x64.ActiveCfg = Release|Any CPU
		{1B344CE1-617B-47D4-9009-493DA172EEA2}.Release|x64.Build.0 = Release|Any CPU
		{1B344CE1-617B-47D4-9009-493DA172EEA2}.Release|x86.ActiveCfg = Release|Any CPU
		{1B344CE1-617B-47D4-9009-493DA172EEA2}.Release|x86.Build.0 = Release|Any CPU
		{8C6EE443-7FF1-40D5-9B88-5F320F1F31C1}.Debug|Any CPU.ActiveCfg = Debug|Any CPU
		{8C6EE443-7FF1-40D5-9B88-5F320F1F31C1}.Debug|Any CPU.Build.0 = Debug|Any CPU
		{8C6EE443-7FF1-40D5-9B88-5F320F1F31C1}.Debug|x64.ActiveCfg = Debug|Any CPU
		{8C6EE443-7FF1-40D5-9B88-5F320F1F31C1}.Debug|x64.Build.0 = Debug|Any CPU
		{8C6EE443-7FF1-40D5-9B88-5F320F1F31C1}.Debug|x86.ActiveCfg = Debug|Any CPU
		{8C6EE443-7FF1-40D5-9B88-5F320F1F31C1}.Debug|x86.Build.0 = Debug|Any CPU
		{8C6EE443-7FF1-40D5-9B88-5F320F1F31C1}.Release|Any CPU.ActiveCfg = Release|Any CPU
		{8C6EE443-7FF1-40D5-9B88-5F320F1F31C1}.Release|Any CPU.Build.0 = Release|Any CPU
		{8C6EE443-7FF1-40D5-9B88-5F320F1F31C1}.Release|x64.ActiveCfg = Release|Any CPU
		{8C6EE443-7FF1-40D5-9B88-5F320F1F31C1}.Release|x64.Build.0 = Release|Any CPU
		{8C6EE443-7FF1-40D5-9B88-5F320F1F31C1}.Release|x86.ActiveCfg = Release|Any CPU
		{8C6EE443-7FF1-40D5-9B88-5F320F1F31C1}.Release|x86.Build.0 = Release|Any CPU
		{3B062AFC-24DE-41FA-94BA-DC12A86A70F4}.Debug|Any CPU.ActiveCfg = Debug|Any CPU
		{3B062AFC-24DE-41FA-94BA-DC12A86A70F4}.Debug|Any CPU.Build.0 = Debug|Any CPU
		{3B062AFC-24DE-41FA-94BA-DC12A86A70F4}.Debug|x64.ActiveCfg = Debug|Any CPU
		{3B062AFC-24DE-41FA-94BA-DC12A86A70F4}.Debug|x64.Build.0 = Debug|Any CPU
		{3B062AFC-24DE-41FA-94BA-DC12A86A70F4}.Debug|x86.ActiveCfg = Debug|Any CPU
		{3B062AFC-24DE-41FA-94BA-DC12A86A70F4}.Debug|x86.Build.0 = Debug|Any CPU
		{3B062AFC-24DE-41FA-94BA-DC12A86A70F4}.Release|Any CPU.ActiveCfg = Release|Any CPU
		{3B062AFC-24DE-41FA-94BA-DC12A86A70F4}.Release|Any CPU.Build.0 = Release|Any CPU
		{3B062AFC-24DE-41FA-94BA-DC12A86A70F4}.Release|x64.ActiveCfg = Release|Any CPU
		{3B062AFC-24DE-41FA-94BA-DC12A86A70F4}.Release|x64.Build.0 = Release|Any CPU
		{3B062AFC-24DE-41FA-94BA-DC12A86A70F4}.Release|x86.ActiveCfg = Release|Any CPU
		{3B062AFC-24DE-41FA-94BA-DC12A86A70F4}.Release|x86.Build.0 = Release|Any CPU
	EndGlobalSection
	GlobalSection(NestedProjects) = preSolution
		{B2ADB606-3754-45E6-8E21-3F28712816C0} = {81BCAF75-9B75-420F-95C2-2F556E35412D}
		{31F1681A-A451-4DEB-800C-3FE5A544D21A} = {69C97C9B-E4AB-4763-957E-A712CD7748B4}
		{34A18F41-B60D-46A7-8971-9A976782640F} = {69C97C9B-E4AB-4763-957E-A712CD7748B4}
		{1B344CE1-617B-47D4-9009-493DA172EEA2} = {69C97C9B-E4AB-4763-957E-A712CD7748B4}
		{8C6EE443-7FF1-40D5-9B88-5F320F1F31C1} = {81BCAF75-9B75-420F-95C2-2F556E35412D}
		{3B062AFC-24DE-41FA-94BA-DC12A86A70F4} = {81BCAF75-9B75-420F-95C2-2F556E35412D}
	EndGlobalSection
EndGlobal
